// !$*UTF8*$!
{
	archiveVersion = 1;
	classes = {
	};
	objectVersion = 77;
	objects = {

/* Begin PBXContainerItemProxy section */
		91D269AC2E6637C3003C8BC6 /* PBXContainerItemProxy */ = {
			isa = PBXContainerItemProxy;
			containerPortal = 91D269962E6637C0003C8BC6 /* Project object */;
			proxyType = 1;
			remoteGlobalIDString = 91D2699D2E6637C0003C8BC6;
			remoteInfo = "GNSS Toolkit";
		};
		91D269B62E6637C3003C8BC6 /* PBXContainerItemProxy */ = {
			isa = PBXContainerItemProxy;
			containerPortal = 91D269962E6637C0003C8BC6 /* Project object */;
			proxyType = 1;
			remoteGlobalIDString = 91D2699D2E6637C0003C8BC6;
			remoteInfo = "GNSS Toolkit";
		};
/* End PBXContainerItemProxy section */

/* Begin PBXFileReference section */
		91D2699E2E6637C0003C8BC6 /* GNSS Toolkit.app */ = {isa = PBXFileReference; explicitFileType = wrapper.application; includeInIndex = 0; path = "GNSS Toolkit.app"; sourceTree = BUILT_PRODUCTS_DIR; };
		91D269AB2E6637C3003C8BC6 /* GNSS ToolkitTests.xctest */ = {isa = PBXFileReference; explicitFileType = wrapper.cfbundle; includeInIndex = 0; path = "GNSS ToolkitTests.xctest"; sourceTree = BUILT_PRODUCTS_DIR; };
		91D269B52E6637C3003C8BC6 /* GNSS ToolkitUITests.xctest */ = {isa = PBXFileReference; explicitFileType = wrapper.cfbundle; includeInIndex = 0; path = "GNSS ToolkitUITests.xctest"; sourceTree = BUILT_PRODUCTS_DIR; };
/* End PBXFileReference section */

/* Begin PBXFileSystemSynchronizedRootGroup section */
		91D269A02E6637C0003C8BC6 /* GNSS Toolkit */ = {
			isa = PBXFileSystemSynchronizedRootGroup;
			path = "GNSS Toolkit";
			sourceTree = "<group>";
		};
		91D269AE2E6637C3003C8BC6 /* GNSS ToolkitTests */ = {
			isa = PBXFileSystemSynchronizedRootGroup;
			path = "GNSS ToolkitTests";
			sourceTree = "<group>";
		};
		91D269B82E6637C3003C8BC6 /* GNSS ToolkitUITests */ = {
			isa = PBXFileSystemSynchronizedRootGroup;
			path = "GNSS ToolkitUITests";
			sourceTree = "<group>";
		};
/* End PBXFileSystemSynchronizedRootGroup section */

/* Begin PBXFrameworksBuildPhase section */
		91D2699B2E6637C0003C8BC6 /* Frameworks */ = {
			isa = PBXFrameworksBuildPhase;
			buildActionMask = 2147483647;
			files = (
			);
			runOnlyForDeploymentPostprocessing = 0;
		};
		91D269A82E6637C3003C8BC6 /* Frameworks */ = {
			isa = PBXFrameworksBuildPhase;
			buildActionMask = 2147483647;
			files = (
			);
			runOnlyForDeploymentPostprocessing = 0;
		};
		91D269B22E6637C3003C8BC6 /* Frameworks */ = {
			isa = PBXFrameworksBuildPhase;
			buildActionMask = 2147483647;
			files = (
			);
			runOnlyForDeploymentPostprocessing = 0;
		};
/* End PBXFrameworksBuildPhase section */

/* Begin PBXGroup section */
		91D269952E6637C0003C8BC6 = {
			isa = PBXGroup;
			children = (
				91D269A02E6637C0003C8BC6 /* GNSS Toolkit */,
				91D269AE2E6637C3003C8BC6 /* GNSS ToolkitTests */,
				91D269B82E6637C3003C8BC6 /* GNSS ToolkitUITests */,
				91D2699F2E6637C0003C8BC6 /* Products */,
			);
			sourceTree = "<group>";
		};
		91D2699F2E6637C0003C8BC6 /* Products */ = {
			isa = PBXGroup;
			children = (
				91D2699E2E6637C0003C8BC6 /* GNSS Toolkit.app */,
				91D269AB2E6637C3003C8BC6 /* GNSS ToolkitTests.xctest */,
				91D269B52E6637C3003C8BC6 /* GNSS ToolkitUITests.xctest */,
			);
			name = Products;
			sourceTree = "<group>";
		};
/* End PBXGroup section */

/* Begin PBXNativeTarget section */
		91D2699D2E6637C0003C8BC6 /* GNSS Toolkit */ = {
			isa = PBXNativeTarget;
			buildConfigurationList = 91D269BF2E6637C3003C8BC6 /* Build configuration list for PBXNativeTarget "GNSS Toolkit" */;
			buildPhases = (
				91D2699A2E6637C0003C8BC6 /* Sources */,
				91D2699B2E6637C0003C8BC6 /* Frameworks */,
				91D2699C2E6637C0003C8BC6 /* Resources */,
			);
			buildRules = (
			);
			dependencies = (
			);
			fileSystemSynchronizedGroups = (
				91D269A02E6637C0003C8BC6 /* GNSS Toolkit */,
			);
			name = "GNSS Toolkit";
			packageProductDependencies = (
			);
			productName = "GNSS Toolkit";
			productReference = 91D2699E2E6637C0003C8BC6 /* GNSS Toolkit.app */;
			productType = "com.apple.product-type.application";
		};
		91D269AA2E6637C3003C8BC6 /* GNSS ToolkitTests */ = {
			isa = PBXNativeTarget;
			buildConfigurationList = 91D269C22E6637C3003C8BC6 /* Build configuration list for PBXNativeTarget "GNSS ToolkitTests" */;
			buildPhases = (
				91D269A72E6637C3003C8BC6 /* Sources */,
				91D269A82E6637C3003C8BC6 /* Frameworks */,
				91D269A92E6637C3003C8BC6 /* Resources */,
			);
			buildRules = (
			);
			dependencies = (
				91D269AD2E6637C3003C8BC6 /* PBXTargetDependency */,
			);
			fileSystemSynchronizedGroups = (
				91D269AE2E6637C3003C8BC6 /* GNSS ToolkitTests */,
			);
			name = "GNSS ToolkitTests";
			packageProductDependencies = (
			);
			productName = "GNSS ToolkitTests";
			productReference = 91D269AB2E6637C3003C8BC6 /* GNSS ToolkitTests.xctest */;
			productType = "com.apple.product-type.bundle.unit-test";
		};
		91D269B42E6637C3003C8BC6 /* GNSS ToolkitUITests */ = {
			isa = PBXNativeTarget;
			buildConfigurationList = 91D269C52E6637C3003C8BC6 /* Build configuration list for PBXNativeTarget "GNSS ToolkitUITests" */;
			buildPhases = (
				91D269B12E6637C3003C8BC6 /* Sources */,
				91D269B22E6637C3003C8BC6 /* Frameworks */,
				91D269B32E6637C3003C8BC6 /* Resources */,
			);
			buildRules = (
			);
			dependencies = (
				91D269B72E6637C3003C8BC6 /* PBXTargetDependency */,
			);
			fileSystemSynchronizedGroups = (
				91D269B82E6637C3003C8BC6 /* GNSS ToolkitUITests */,
			);
			name = "GNSS ToolkitUITests";
			packageProductDependencies = (
			);
			productName = "GNSS ToolkitUITests";
			productReference = 91D269B52E6637C3003C8BC6 /* GNSS ToolkitUITests.xctest */;
			productType = "com.apple.product-type.bundle.ui-testing";
		};
/* End PBXNativeTarget section */

/* Begin PBXProject section */
		91D269962E6637C0003C8BC6 /* Project object */ = {
			isa = PBXProject;
			attributes = {
				BuildIndependentTargetsInParallel = 1;
				LastSwiftUpdateCheck = 1640;
				LastUpgradeCheck = 1640;
				TargetAttributes = {
					91D2699D2E6637C0003C8BC6 = {
						CreatedOnToolsVersion = 16.4;
					};
					91D269AA2E6637C3003C8BC6 = {
						CreatedOnToolsVersion = 16.4;
						TestTargetID = 91D2699D2E6637C0003C8BC6;
					};
					91D269B42E6637C3003C8BC6 = {
						CreatedOnToolsVersion = 16.4;
						TestTargetID = 91D2699D2E6637C0003C8BC6;
					};
				};
			};
			buildConfigurationList = 91D269992E6637C0003C8BC6 /* Build configuration list for PBXProject "GNSS Toolkit" */;
			developmentRegion = en;
			hasScannedForEncodings = 0;
			knownRegions = (
				en,
				Base,
			);
			mainGroup = 91D269952E6637C0003C8BC6;
			minimizedProjectReferenceProxies = 1;
			preferredProjectObjectVersion = 77;
			productRefGroup = 91D2699F2E6637C0003C8BC6 /* Products */;
			projectDirPath = "";
			projectRoot = "";
			targets = (
				91D2699D2E6637C0003C8BC6 /* GNSS Toolkit */,
				91D269AA2E6637C3003C8BC6 /* GNSS ToolkitTests */,
				91D269B42E6637C3003C8BC6 /* GNSS ToolkitUITests */,
			);
		};
/* End PBXProject section */

/* Begin PBXResourcesBuildPhase section */
		91D2699C2E6637C0003C8BC6 /* Resources */ = {
			isa = PBXResourcesBuildPhase;
			buildActionMask = 2147483647;
			files = (
			);
			runOnlyForDeploymentPostprocessing = 0;
		};
		91D269A92E6637C3003C8BC6 /* Resources */ = {
			isa = PBXResourcesBuildPhase;
			buildActionMask = 2147483647;
			files = (
			);
			runOnlyForDeploymentPostprocessing = 0;
		};
		91D269B32E6637C3003C8BC6 /* Resources */ = {
			isa = PBXResourcesBuildPhase;
			buildActionMask = 2147483647;
			files = (
			);
			runOnlyForDeploymentPostprocessing = 0;
		};
/* End PBXResourcesBuildPhase section */

/* Begin PBXSourcesBuildPhase section */
		91D2699A2E6637C0003C8BC6 /* Sources */ = {
			isa = PBXSourcesBuildPhase;
			buildActionMask = 2147483647;
			files = (
			);
			runOnlyForDeploymentPostprocessing = 0;
		};
		91D269A72E6637C3003C8BC6 /* Sources */ = {
			isa = PBXSourcesBuildPhase;
			buildActionMask = 2147483647;
			files = (
			);
			runOnlyForDeploymentPostprocessing = 0;
		};
		91D269B12E6637C3003C8BC6 /* Sources */ = {
			isa = PBXSourcesBuildPhase;
			buildActionMask = 2147483647;
			files = (
			);
			runOnlyForDeploymentPostprocessing = 0;
		};
/* End PBXSourcesBuildPhase section */

/* Begin PBXTargetDependency section */
		91D269AD2E6637C3003C8BC6 /* PBXTargetDependency */ = {
			isa = PBXTargetDependency;
			target = 91D2699D2E6637C0003C8BC6 /* GNSS Toolkit */;
			targetProxy = 91D269AC2E6637C3003C8BC6 /* PBXContainerItemProxy */;
		};
		91D269B72E6637C3003C8BC6 /* PBXTargetDependency */ = {
			isa = PBXTargetDependency;
			target = 91D2699D2E6637C0003C8BC6 /* GNSS Toolkit */;
			targetProxy = 91D269B62E6637C3003C8BC6 /* PBXContainerItemProxy */;
		};
/* End PBXTargetDependency section */

/* Begin XCBuildConfiguration section */
		91D269BD2E6637C3003C8BC6 /* Debug */ = {
			isa = XCBuildConfiguration;
			buildSettings = {
				ALWAYS_SEARCH_USER_PATHS = NO;
				ASSETCATALOG_COMPILER_GENERATE_SWIFT_ASSET_SYMBOL_EXTENSIONS = YES;
				CLANG_ANALYZER_NONNULL = YES;
				CLANG_ANALYZER_NUMBER_OBJECT_CONVERSION = YES_AGGRESSIVE;
				CLANG_CXX_LANGUAGE_STANDARD = "gnu++20";
				CLANG_ENABLE_MODULES = YES;
				CLANG_ENABLE_OBJC_ARC = YES;
				CLANG_ENABLE_OBJC_WEAK = YES;
				CLANG_WARN_BLOCK_CAPTURE_AUTORELEASING = YES;
				CLANG_WARN_BOOL_CONVERSION = YES;
				CLANG_WARN_COMMA = YES;
				CLANG_WARN_CONSTANT_CONVERSION = YES;
				CLANG_WARN_DEPRECATED_OBJC_IMPLEMENTATIONS = YES;
				CLANG_WARN_DIRECT_OBJC_ISA_USAGE = YES_ERROR;
				CLANG_WARN_DOCUMENTATION_COMMENTS = YES;
				CLANG_WARN_EMPTY_BODY = YES;
				CLANG_WARN_ENUM_CONVERSION = YES;
				CLANG_WARN_INFINITE_RECURSION = YES;
				CLANG_WARN_INT_CONVERSION = YES;
				CLANG_WARN_NON_LITERAL_NULL_CONVERSION = YES;
				CLANG_WARN_OBJC_IMPLICIT_RETAIN_SELF = YES;
				CLANG_WARN_OBJC_LITERAL_CONVERSION = YES;
				CLANG_WARN_OBJC_ROOT_CLASS = YES_ERROR;
				CLANG_WARN_QUOTED_INCLUDE_IN_FRAMEWORK_HEADER = YES;
				CLANG_WARN_RANGE_LOOP_ANALYSIS = YES;
				CLANG_WARN_STRICT_PROTOTYPES = YES;
				CLANG_WARN_SUSPICIOUS_MOVE = YES;
				CLANG_WARN_UNGUARDED_AVAILABILITY = YES_AGGRESSIVE;
				CLANG_WARN_UNREACHABLE_CODE = YES;
				CLANG_WARN__DUPLICATE_METHOD_MATCH = YES;
				COPY_PHASE_STRIP = NO;
				DEBUG_INFORMATION_FORMAT = dwarf;
				DEVELOPMENT_TEAM = FBSY6ZH292;
				ENABLE_STRICT_OBJC_MSGSEND = YES;
				ENABLE_TESTABILITY = YES;
				ENABLE_USER_SCRIPT_SANDBOXING = YES;
				GCC_C_LANGUAGE_STANDARD = gnu17;
				GCC_DYNAMIC_NO_PIC = NO;
				GCC_NO_COMMON_BLOCKS = YES;
				GCC_OPTIMIZATION_LEVEL = 0;
				GCC_PREPROCESSOR_DEFINITIONS = (
					"DEBUG=1",
					"$(inherited)",
				);
				GCC_WARN_64_TO_32_BIT_CONVERSION = YES;
				GCC_WARN_ABOUT_RETURN_TYPE = YES_ERROR;
				GCC_WARN_UNDECLARED_SELECTOR = YES;
				GCC_WARN_UNINITIALIZED_AUTOS = YES_AGGRESSIVE;
				GCC_WARN_UNUSED_FUNCTION = YES;
				GCC_WARN_UNUSED_VARIABLE = YES;
				IPHONEOS_DEPLOYMENT_TARGET = 18.5;
				LOCALIZATION_PREFERS_STRING_CATALOGS = YES;
				MTL_ENABLE_DEBUG_INFO = INCLUDE_SOURCE;
				MTL_FAST_MATH = YES;
				ONLY_ACTIVE_ARCH = YES;
				SDKROOT = iphoneos;
				SWIFT_ACTIVE_COMPILATION_CONDITIONS = "DEBUG $(inherited)";
				SWIFT_OPTIMIZATION_LEVEL = "-Onone";
			};
			name = Debug;
		};
		91D269BE2E6637C3003C8BC6 /* Release */ = {
			isa = XCBuildConfiguration;
			buildSettings = {
				ALWAYS_SEARCH_USER_PATHS = NO;
				ASSETCATALOG_COMPILER_GENERATE_SWIFT_ASSET_SYMBOL_EXTENSIONS = YES;
				CLANG_ANALYZER_NONNULL = YES;
				CLANG_ANALYZER_NUMBER_OBJECT_CONVERSION = YES_AGGRESSIVE;
				CLANG_CXX_LANGUAGE_STANDARD = "gnu++20";
				CLANG_ENABLE_MODULES = YES;
				CLANG_ENABLE_OBJC_ARC = YES;
				CLANG_ENABLE_OBJC_WEAK = YES;
				CLANG_WARN_BLOCK_CAPTURE_AUTORELEASING = YES;
				CLANG_WARN_BOOL_CONVERSION = YES;
				CLANG_WARN_COMMA = YES;
				CLANG_WARN_CONSTANT_CONVERSION = YES;
				CLANG_WARN_DEPRECATED_OBJC_IMPLEMENTATIONS = YES;
				CLANG_WARN_DIRECT_OBJC_ISA_USAGE = YES_ERROR;
				CLANG_WARN_DOCUMENTATION_COMMENTS = YES;
				CLANG_WARN_EMPTY_BODY = YES;
				CLANG_WARN_ENUM_CONVERSION = YES;
				CLANG_WARN_INFINITE_RECURSION = YES;
				CLANG_WARN_INT_CONVERSION = YES;
				CLANG_WARN_NON_LITERAL_NULL_CONVERSION = YES;
				CLANG_WARN_OBJC_IMPLICIT_RETAIN_SELF = YES;
				CLANG_WARN_OBJC_LITERAL_CONVERSION = YES;
				CLANG_WARN_OBJC_ROOT_CLASS = YES_ERROR;
				CLANG_WARN_QUOTED_INCLUDE_IN_FRAMEWORK_HEADER = YES;
				CLANG_WARN_RANGE_LOOP_ANALYSIS = YES;
				CLANG_WARN_STRICT_PROTOTYPES = YES;
				CLANG_WARN_SUSPICIOUS_MOVE = YES;
				CLANG_WARN_UNGUARDED_AVAILABILITY = YES_AGGRESSIVE;
				CLANG_WARN_UNREACHABLE_CODE = YES;
				CLANG_WARN__DUPLICATE_METHOD_MATCH = YES;
				COPY_PHASE_STRIP = NO;
				DEBUG_INFORMATION_FORMAT = "dwarf-with-dsym";
				DEVELOPMENT_TEAM = FBSY6ZH292;
				ENABLE_NS_ASSERTIONS = NO;
				ENABLE_STRICT_OBJC_MSGSEND = YES;
				ENABLE_USER_SCRIPT_SANDBOXING = YES;
				GCC_C_LANGUAGE_STANDARD = gnu17;
				GCC_NO_COMMON_BLOCKS = YES;
				GCC_WARN_64_TO_32_BIT_CONVERSION = YES;
				GCC_WARN_ABOUT_RETURN_TYPE = YES_ERROR;
				GCC_WARN_UNDECLARED_SELECTOR = YES;
				GCC_WARN_UNINITIALIZED_AUTOS = YES_AGGRESSIVE;
				GCC_WARN_UNUSED_FUNCTION = YES;
				GCC_WARN_UNUSED_VARIABLE = YES;
				IPHONEOS_DEPLOYMENT_TARGET = 18.5;
				LOCALIZATION_PREFERS_STRING_CATALOGS = YES;
				MTL_ENABLE_DEBUG_INFO = NO;
				MTL_FAST_MATH = YES;
				SDKROOT = iphoneos;
				SWIFT_COMPILATION_MODE = wholemodule;
				VALIDATE_PRODUCT = YES;
			};
			name = Release;
		};
		91D269C02E6637C3003C8BC6 /* Debug */ = {
			isa = XCBuildConfiguration;
			buildSettings = {
				ASSETCATALOG_COMPILER_APPICON_NAME = AppIcon;
				ASSETCATALOG_COMPILER_GLOBAL_ACCENT_COLOR_NAME = AccentColor;
				CODE_SIGN_STYLE = Automatic;
				CURRENT_PROJECT_VERSION = 1;
				DEVELOPMENT_TEAM = FBSY6ZH292;
				ENABLE_PREVIEWS = YES;
				GENERATE_INFOPLIST_FILE = YES;
				INFOPLIST_KEY_NSLocationWhenInUseUsageDescription = "GNSS Toolkit needs your location to display GPS telemetry.";
				INFOPLIST_KEY_UIApplicationSceneManifest_Generation = YES;
				INFOPLIST_KEY_UIApplicationSupportsIndirectInputEvents = YES;
				INFOPLIST_KEY_UILaunchScreen_Generation = YES;
				INFOPLIST_KEY_UISupportedInterfaceOrientations_iPad = "UIInterfaceOrientationPortrait UIInterfaceOrientationPortraitUpsideDown UIInterfaceOrientationLandscapeLeft UIInterfaceOrientationLandscapeRight";
				INFOPLIST_KEY_UISupportedInterfaceOrientations_iPhone = "UIInterfaceOrientationPortrait UIInterfaceOrientationLandscapeLeft UIInterfaceOrientationLandscapeRight";
				LD_RUNPATH_SEARCH_PATHS = (
					"$(inherited)",
					"@executable_path/Frameworks",
				);
				MARKETING_VERSION = 1.0;
				PRODUCT_BUNDLE_IDENTIFIER = "PlutoSpaceLab.GNSS-Toolkit";
				PRODUCT_NAME = "$(TARGET_NAME)";
				SWIFT_EMIT_LOC_STRINGS = YES;
				SWIFT_VERSION = 5.0;
				TARGETED_DEVICE_FAMILY = "1,2";
			};
			name = Debug;
		};
		91D269C12E6637C3003C8BC6 /* Release */ = {
			isa = XCBuildConfiguration;
			buildSettings = {
				ASSETCATALOG_COMPILER_APPICON_NAME = AppIcon;
				ASSETCATALOG_COMPILER_GLOBAL_ACCENT_COLOR_NAME = AccentColor;
				CODE_SIGN_STYLE = Automatic;
				CURRENT_PROJECT_VERSION = 1;
				DEVELOPMENT_TEAM = FBSY6ZH292;
				ENABLE_PREVIEWS = YES;
				GENERATE_INFOPLIST_FILE = YES;
				INFOPLIST_KEY_NSLocationWhenInUseUsageDescription = "GNSS Toolkit needs your location to display GPS telemetry.";
				INFOPLIST_KEY_UIApplicationSceneManifest_Generation = YES;
				INFOPLIST_KEY_UIApplicationSupportsIndirectInputEvents = YES;
				INFOPLIST_KEY_UILaunchScreen_Generation = YES;
				INFOPLIST_KEY_UISupportedInterfaceOrientations_iPad = "UIInterfaceOrientationPortrait UIInterfaceOrientationPortraitUpsideDown UIInterfaceOrientationLandscapeLeft UIInterfaceOrientationLandscapeRight";
				INFOPLIST_KEY_UISupportedInterfaceOrientations_iPhone = "UIInterfaceOrientationPortrait UIInterfaceOrientationLandscapeLeft UIInterfaceOrientationLandscapeRight";
				LD_RUNPATH_SEARCH_PATHS = (
					"$(inherited)",
					"@executable_path/Frameworks",
				);
				MARKETING_VERSION = 1.0;
				PRODUCT_BUNDLE_IDENTIFIER = "PlutoSpaceLab.GNSS-Toolkit";
				PRODUCT_NAME = "$(TARGET_NAME)";
				SWIFT_EMIT_LOC_STRINGS = YES;
				SWIFT_VERSION = 5.0;
				TARGETED_DEVICE_FAMILY = "1,2";
			};
			name = Release;
		};
		91D269C32E6637C3003C8BC6 /* Debug */ = {
			isa = XCBuildConfiguration;
			buildSettings = {
				BUNDLE_LOADER = "$(TEST_HOST)";
				CODE_SIGN_STYLE = Automatic;
				CURRENT_PROJECT_VERSION = 1;
				DEVELOPMENT_TEAM = FBSY6ZH292;
				GENERATE_INFOPLIST_FILE = YES;
				IPHONEOS_DEPLOYMENT_TARGET = 18.5;
				MARKETING_VERSION = 1.0;
				PRODUCT_BUNDLE_IDENTIFIER = "PlutoSpaceLab.GNSS-ToolkitTests";
				PRODUCT_NAME = "$(TARGET_NAME)";
				SWIFT_EMIT_LOC_STRINGS = NO;
				SWIFT_VERSION = 5.0;
				TARGETED_DEVICE_FAMILY = "1,2";
				TEST_HOST = "$(BUILT_PRODUCTS_DIR)/GNSS Toolkit.app/$(BUNDLE_EXECUTABLE_FOLDER_PATH)/GNSS Toolkit";
			};
			name = Debug;
		};
		91D269C42E6637C3003C8BC6 /* Release */ = {
			isa = XCBuildConfiguration;
			buildSettings = {
				BUNDLE_LOADER = "$(TEST_HOST)";
				CODE_SIGN_STYLE = Automatic;
				CURRENT_PROJECT_VERSION = 1;
				DEVELOPMENT_TEAM = FBSY6ZH292;
				GENERATE_INFOPLIST_FILE = YES;
				IPHONEOS_DEPLOYMENT_TARGET = 18.5;
				MARKETING_VERSION = 1.0;
				PRODUCT_BUNDLE_IDENTIFIER = "PlutoSpaceLab.GNSS-ToolkitTests";
				PRODUCT_NAME = "$(TARGET_NAME)";
				SWIFT_EMIT_LOC_STRINGS = NO;
				SWIFT_VERSION = 5.0;
				TARGETED_DEVICE_FAMILY = "1,2";
				TEST_HOST = "$(BUILT_PRODUCTS_DIR)/GNSS Toolkit.app/$(BUNDLE_EXECUTABLE_FOLDER_PATH)/GNSS Toolkit";
			};
			name = Release;
		};
		91D269C62E6637C3003C8BC6 /* Debug */ = {
			isa = XCBuildConfiguration;
			buildSettings = {
				CODE_SIGN_STYLE = Automatic;
				CURRENT_PROJECT_VERSION = 1;
				DEVELOPMENT_TEAM = FBSY6ZH292;
				GENERATE_INFOPLIST_FILE = YES;
				MARKETING_VERSION = 1.0;
				PRODUCT_BUNDLE_IDENTIFIER = "PlutoSpaceLab.GNSS-ToolkitUITests";
				PRODUCT_NAME = "$(TARGET_NAME)";
				SWIFT_EMIT_LOC_STRINGS = NO;
				SWIFT_VERSION = 5.0;
				TARGETED_DEVICE_FAMILY = "1,2";
				TEST_TARGET_NAME = "GNSS Toolkit";
			};
			name = Debug;
		};
		91D269C72E6637C3003C8BC6 /* Release */ = {
			isa = XCBuildConfiguration;
			buildSettings = {
				CODE_SIGN_STYLE = Automatic;
				CURRENT_PROJECT_VERSION = 1;
				DEVELOPMENT_TEAM = FBSY6ZH292;
				GENERATE_INFOPLIST_FILE = YES;
				MARKETING_VERSION = 1.0;
				PRODUCT_BUNDLE_IDENTIFIER = "PlutoSpaceLab.GNSS-ToolkitUITests";
				PRODUCT_NAME = "$(TARGET_NAME)";
				SWIFT_EMIT_LOC_STRINGS = NO;
				SWIFT_VERSION = 5.0;
				TARGETED_DEVICE_FAMILY = "1,2";
				TEST_TARGET_NAME = "GNSS Toolkit";
			};
			name = Release;
		};
/* End XCBuildConfiguration section */

/* Begin XCConfigurationList section */
		91D269992E6637C0003C8BC6 /* Build configuration list for PBXProject "GNSS Toolkit" */ = {
			isa = XCConfigurationList;
			buildConfigurations = (
				91D269BD2E6637C3003C8BC6 /* Debug */,
				91D269BE2E6637C3003C8BC6 /* Release */,
			);
			defaultConfigurationIsVisible = 0;
			defaultConfigurationName = Release;
		};
		91D269BF2E6637C3003C8BC6 /* Build configuration list for PBXNativeTarget "GNSS Toolkit" */ = {
			isa = XCConfigurationList;
			buildConfigurations = (
				91D269C02E6637C3003C8BC6 /* Debug */,
				91D269C12E6637C3003C8BC6 /* Release */,
			);
			defaultConfigurationIsVisible = 0;
			defaultConfigurationName = Release;
		};
		91D269C22E6637C3003C8BC6 /* Build configuration list for PBXNativeTarget "GNSS ToolkitTests" */ = {
			isa = XCConfigurationList;
			buildConfigurations = (
				91D269C32E6637C3003C8BC6 /* Debug */,
				91D269C42E6637C3003C8BC6 /* Release */,
			);
			defaultConfigurationIsVisible = 0;
			defaultConfigurationName = Release;
		};
		91D269C52E6637C3003C8BC6 /* Build configuration list for PBXNativeTarget "GNSS ToolkitUITests" */ = {
			isa = XCConfigurationList;
			buildConfigurations = (
				91D269C62E6637C3003C8BC6 /* Debug */,
				91D269C72E6637C3003C8BC6 /* Release */,
			);
			defaultConfigurationIsVisible = 0;
			defaultConfigurationName = Release;
		};
/* End XCConfigurationList section */
	};
	rootObject = 91D269962E6637C0003C8BC6 /* Project object */;
}
